
Microsoft Visual Studio Solution File, Format Version 12.00
# Visual Studio Version 17
VisualStudioVersion = 17.14.36518.9
MinimumVisualStudioVersion = 10.0.40219.1
Project("{FAE04EC0-301F-11D3-BF4B-00C04F79EFBC}") = "Aula14-10-2025", "Aula12-10-2025\Aula14-10-2025.csproj", "{613A322E-5594-4006-8326-2F2EF40FE06A}"
EndProject
Project("{FAE04EC0-301F-11D3-BF4B-00C04F79EFBC}") = "3PessoasNoVetor", "3PessoasNoVetor\3PessoasNoVetor.csproj", "{FF714104-1FF7-466A-A412-56BD46B62EBA}"
EndProject
Project("{FAE04EC0-301F-11D3-BF4B-00C04F79EFBC}") = "GerenciamentoFuncionarios", "GerenciamentoFuncionarios\GerenciamentoFuncionarios.csproj", "{AC393B90-574D-4628-AD11-94540E2107B4}"
EndProject
Project("{FAE04EC0-301F-11D3-BF4B-00C04F79EFBC}") = "AnimaisZoologico", "AnimaisZoologico\AnimaisZoologico.csproj", "{FD0270DD-7606-4A6E-97CE-F5FBF44C6638}"
EndProject
Project("{FAE04EC0-301F-11D3-BF4B-00C04F79EFBC}") = "SistemaPagamentos", "SistemaPagamentos\SistemaPagamentos.csproj", "{F1BD5331-407E-44D6-B418-C26F4029F6B3}"
EndProject
Global
	GlobalSection(SolutionConfigurationPlatforms) = preSolution
		Debug|Any CPU = Debug|Any CPU
		Release|Any CPU = Release|Any CPU
	EndGlobalSection
	GlobalSection(ProjectConfigurationPlatforms) = postSolution
		{613A322E-5594-4006-8326-2F2EF40FE06A}.Debug|Any CPU.ActiveCfg = Debug|Any CPU
		{613A322E-5594-4006-8326-2F2EF40FE06A}.Debug|Any CPU.Build.0 = Debug|Any CPU
		{613A322E-5594-4006-8326-2F2EF40FE06A}.Release|Any CPU.ActiveCfg = Release|Any CPU
		{613A322E-5594-4006-8326-2F2EF40FE06A}.Release|Any CPU.Build.0 = Release|Any CPU
		{FF714104-1FF7-466A-A412-56BD46B62EBA}.Debug|Any CPU.ActiveCfg = Debug|Any CPU
		{FF714104-1FF7-466A-A412-56BD46B62EBA}.Debug|Any CPU.Build.0 = Debug|Any CPU
		{FF714104-1FF7-466A-A412-56BD46B62EBA}.Release|Any CPU.ActiveCfg = Release|Any CPU
		{FF714104-1FF7-466A-A412-56BD46B62EBA}.Release|Any CPU.Build.0 = Release|Any CPU
		{AC393B90-574D-4628-AD11-94540E2107B4}.Debug|Any CPU.ActiveCfg = Debug|Any CPU
		{AC393B90-574D-4628-AD11-94540E2107B4}.Debug|Any CPU.Build.0 = Debug|Any CPU
		{AC393B90-574D-4628-AD11-94540E2107B4}.Release|Any CPU.ActiveCfg = Release|Any CPU
		{AC393B90-574D-4628-AD11-94540E2107B4}.Release|Any CPU.Build.0 = Release|Any CPU
		{FD0270DD-7606-4A6E-97CE-F5FBF44C6638}.Debug|Any CPU.ActiveCfg = Debug|Any CPU
		{FD0270DD-7606-4A6E-97CE-F5FBF44C6638}.Debug|Any CPU.Build.0 = Debug|Any CPU
		{FD0270DD-7606-4A6E-97CE-F5FBF44C6638}.Release|Any CPU.ActiveCfg = Release|Any CPU
		{FD0270DD-7606-4A6E-97CE-F5FBF44C6638}.Release|Any CPU.Build.0 = Release|Any CPU
		{F1BD5331-407E-44D6-B418-C26F4029F6B3}.Debug|Any CPU.ActiveCfg = Debug|Any CPU
		{F1BD5331-407E-44D6-B418-C26F4029F6B3}.Debug|Any CPU.Build.0 = Debug|Any CPU
		{F1BD5331-407E-44D6-B418-C26F4029F6B3}.Release|Any CPU.ActiveCfg = Release|Any CPU
		{F1BD5331-407E-44D6-B418-C26F4029F6B3}.Release|Any CPU.Build.0 = Release|Any CPU
	EndGlobalSection
	GlobalSection(SolutionProperties) = preSolution
		HideSolutionNode = FALSE
	EndGlobalSection
	GlobalSection(ExtensibilityGlobals) = postSolution
		SolutionGuid = {03AD6E23-0CC4-4CAF-B36A-8444A7D318FA}
	EndGlobalSection
EndGlobal
