
Microsoft Visual Studio Solution File, Format Version 12.00
# Visual Studio Version 17
VisualStudioVersion = 17.14.36518.9
MinimumVisualStudioVersion = 10.0.40219.1
Project("{FAE04EC0-301F-11D3-BF4B-00C04F79EFBC}") = "Aula09-10-2025", "Aula09-10-2025\Aula09-10-2025.csproj", "{6770DE2B-1635-4009-8323-3C75ACDEBDAE}"
EndProject
Project("{FAE04EC0-301F-11D3-BF4B-00C04F79EFBC}") = "Exercicio2", "Exercicio2\Exercicio2.csproj", "{6894A20D-1F75-4038-98A5-3F67BBAA33C6}"
EndProject
Project("{FAE04EC0-301F-11D3-BF4B-00C04F79EFBC}") = "Exercicio3", "Exercicio3\Exercicio3.csproj", "{FDCE4993-040E-4C9D-81C4-6164BCD115D2}"
EndProject
Project("{FAE04EC0-301F-11D3-BF4B-00C04F79EFBC}") = "Exercicio4", "Exercicio4\Exercicio4.csproj", "{009B6841-BA99-4D8E-AFAB-A3E1F367E583}"
EndProject
Project("{FAE04EC0-301F-11D3-BF4B-00C04F79EFBC}") = "Exercicio5", "Exercicio5\Exercicio5.csproj", "{1838D449-6935-41E5-818F-2BF7C935C3EA}"
EndProject
Project("{FAE04EC0-301F-11D3-BF4B-00C04F79EFBC}") = "ARRAYExercicio1", "ARRAYExercicio1\ARRAYExercicio1.csproj", "{5487A207-4624-449C-BEE0-32046ACDD06E}"
EndProject
Project("{FAE04EC0-301F-11D3-BF4B-00C04F79EFBC}") = "ExercicioTarefa1", "ExercicioTarefa1\ExercicioTarefa1.csproj", "{503D38CF-F3CA-4421-8765-EBACE7C9F06B}"
EndProject
Project("{FAE04EC0-301F-11D3-BF4B-00C04F79EFBC}") = "ExercicioTarefa2", "ExercicioTarefa2\ExercicioTarefa2.csproj", "{79F7A530-6E66-4383-B387-6B8276C7DF28}"
EndProject
Project("{FAE04EC0-301F-11D3-BF4B-00C04F79EFBC}") = "ExercicioTarefa3", "ExercicioTarefa3\ExercicioTarefa3.csproj", "{E692FBAF-403F-4DC3-B18F-1F24CE66C4B8}"
EndProject
Project("{FAE04EC0-301F-11D3-BF4B-00C04F79EFBC}") = "ExercicioTarefa4", "ExercicioTarefa4\ExercicioTarefa4.csproj", "{6819FDDA-A9E4-454C-A40D-8C22BC19A9C2}"
EndProject
Project("{FAE04EC0-301F-11D3-BF4B-00C04F79EFBC}") = "ExercicioTarefa5", "ExercicioTarefa5\ExercicioTarefa5.csproj", "{3119D363-61B4-43B0-BEA9-354801F1A97D}"
EndProject
Global
	GlobalSection(SolutionConfigurationPlatforms) = preSolution
		Debug|Any CPU = Debug|Any CPU
		Release|Any CPU = Release|Any CPU
	EndGlobalSection
	GlobalSection(ProjectConfigurationPlatforms) = postSolution
		{6770DE2B-1635-4009-8323-3C75ACDEBDAE}.Debug|Any CPU.ActiveCfg = Debug|Any CPU
		{6770DE2B-1635-4009-8323-3C75ACDEBDAE}.Debug|Any CPU.Build.0 = Debug|Any CPU
		{6770DE2B-1635-4009-8323-3C75ACDEBDAE}.Release|Any CPU.ActiveCfg = Release|Any CPU
		{6770DE2B-1635-4009-8323-3C75ACDEBDAE}.Release|Any CPU.Build.0 = Release|Any CPU
		{6894A20D-1F75-4038-98A5-3F67BBAA33C6}.Debug|Any CPU.ActiveCfg = Debug|Any CPU
		{6894A20D-1F75-4038-98A5-3F67BBAA33C6}.Debug|Any CPU.Build.0 = Debug|Any CPU
		{6894A20D-1F75-4038-98A5-3F67BBAA33C6}.Release|Any CPU.ActiveCfg = Release|Any CPU
		{6894A20D-1F75-4038-98A5-3F67BBAA33C6}.Release|Any CPU.Build.0 = Release|Any CPU
		{FDCE4993-040E-4C9D-81C4-6164BCD115D2}.Debug|Any CPU.ActiveCfg = Debug|Any CPU
		{FDCE4993-040E-4C9D-81C4-6164BCD115D2}.Debug|Any CPU.Build.0 = Debug|Any CPU
		{FDCE4993-040E-4C9D-81C4-6164BCD115D2}.Release|Any CPU.ActiveCfg = Release|Any CPU
		{FDCE4993-040E-4C9D-81C4-6164BCD115D2}.Release|Any CPU.Build.0 = Release|Any CPU
		{009B6841-BA99-4D8E-AFAB-A3E1F367E583}.Debug|Any CPU.ActiveCfg = Debug|Any CPU
		{009B6841-BA99-4D8E-AFAB-A3E1F367E583}.Debug|Any CPU.Build.0 = Debug|Any CPU
		{009B6841-BA99-4D8E-AFAB-A3E1F367E583}.Release|Any CPU.ActiveCfg = Release|Any CPU
		{009B6841-BA99-4D8E-AFAB-A3E1F367E583}.Release|Any CPU.Build.0 = Release|Any CPU
		{1838D449-6935-41E5-818F-2BF7C935C3EA}.Debug|Any CPU.ActiveCfg = Debug|Any CPU
		{1838D449-6935-41E5-818F-2BF7C935C3EA}.Debug|Any CPU.Build.0 = Debug|Any CPU
		{1838D449-6935-41E5-818F-2BF7C935C3EA}.Release|Any CPU.ActiveCfg = Release|Any CPU
		{1838D449-6935-41E5-818F-2BF7C935C3EA}.Release|Any CPU.Build.0 = Release|Any CPU
		{5487A207-4624-449C-BEE0-32046ACDD06E}.Debug|Any CPU.ActiveCfg = Debug|Any CPU
		{5487A207-4624-449C-BEE0-32046ACDD06E}.Debug|Any CPU.Build.0 = Debug|Any CPU
		{5487A207-4624-449C-BEE0-32046ACDD06E}.Release|Any CPU.ActiveCfg = Release|Any CPU
		{5487A207-4624-449C-BEE0-32046ACDD06E}.Release|Any CPU.Build.0 = Release|Any CPU
		{503D38CF-F3CA-4421-8765-EBACE7C9F06B}.Debug|Any CPU.ActiveCfg = Debug|Any CPU
		{503D38CF-F3CA-4421-8765-EBACE7C9F06B}.Debug|Any CPU.Build.0 = Debug|Any CPU
		{503D38CF-F3CA-4421-8765-EBACE7C9F06B}.Release|Any CPU.ActiveCfg = Release|Any CPU
		{503D38CF-F3CA-4421-8765-EBACE7C9F06B}.Release|Any CPU.Build.0 = Release|Any CPU
		{79F7A530-6E66-4383-B387-6B8276C7DF28}.Debug|Any CPU.ActiveCfg = Debug|Any CPU
		{79F7A530-6E66-4383-B387-6B8276C7DF28}.Debug|Any CPU.Build.0 = Debug|Any CPU
		{79F7A530-6E66-4383-B387-6B8276C7DF28}.Release|Any CPU.ActiveCfg = Release|Any CPU
		{79F7A530-6E66-4383-B387-6B8276C7DF28}.Release|Any CPU.Build.0 = Release|Any CPU
		{E692FBAF-403F-4DC3-B18F-1F24CE66C4B8}.Debug|Any CPU.ActiveCfg = Debug|Any CPU
		{E692FBAF-403F-4DC3-B18F-1F24CE66C4B8}.Debug|Any CPU.Build.0 = Debug|Any CPU
		{E692FBAF-403F-4DC3-B18F-1F24CE66C4B8}.Release|Any CPU.ActiveCfg = Release|Any CPU
		{E692FBAF-403F-4DC3-B18F-1F24CE66C4B8}.Release|Any CPU.Build.0 = Release|Any CPU
		{6819FDDA-A9E4-454C-A40D-8C22BC19A9C2}.Debug|Any CPU.ActiveCfg = Debug|Any CPU
		{6819FDDA-A9E4-454C-A40D-8C22BC19A9C2}.Debug|Any CPU.Build.0 = Debug|Any CPU
		{6819FDDA-A9E4-454C-A40D-8C22BC19A9C2}.Release|Any CPU.ActiveCfg = Release|Any CPU
		{6819FDDA-A9E4-454C-A40D-8C22BC19A9C2}.Release|Any CPU.Build.0 = Release|Any CPU
		{3119D363-61B4-43B0-BEA9-354801F1A97D}.Debug|Any CPU.ActiveCfg = Debug|Any CPU
		{3119D363-61B4-43B0-BEA9-354801F1A97D}.Debug|Any CPU.Build.0 = Debug|Any CPU
		{3119D363-61B4-43B0-BEA9-354801F1A97D}.Release|Any CPU.ActiveCfg = Release|Any CPU
		{3119D363-61B4-43B0-BEA9-354801F1A97D}.Release|Any CPU.Build.0 = Release|Any CPU
	EndGlobalSection
	GlobalSection(SolutionProperties) = preSolution
		HideSolutionNode = FALSE
	EndGlobalSection
	GlobalSection(ExtensibilityGlobals) = postSolution
		SolutionGuid = {3D42D712-7DD0-406E-BDF6-EE905F60BE11}
	EndGlobalSection
EndGlobal
