
Microsoft Visual Studio Solution File, Format Version 12.00
# Visual Studio Version 17
VisualStudioVersion = 17.14.36518.9
MinimumVisualStudioVersion = 10.0.40219.1
Project("{FAE04EC0-301F-11D3-BF4B-00C04F79EFBC}") = "Exercicio1", "Aula08-10-2025\Exercicio1.csproj", "{39355067-3699-49FA-BEF9-77E4F307F86D}"
EndProject
Project("{FAE04EC0-301F-11D3-BF4B-00C04F79EFBC}") = "Exercicio2", "Exercicio 2\Exercicio2.csproj", "{DE2257AC-392A-4B7D-A1BE-6D3978AAC1DA}"
EndProject
Project("{FAE04EC0-301F-11D3-BF4B-00C04F79EFBC}") = "Exercicio3", "Exercicio3\Exercicio3.csproj", "{C751F0A6-0B6A-43CA-A5CB-CE058C10C482}"
EndProject
Project("{FAE04EC0-301F-11D3-BF4B-00C04F79EFBC}") = "Exercicio4", "Exercicio4\Exercicio4.csproj", "{5822E0E9-5362-4BC6-9070-1578BE25D11C}"
EndProject
Project("{FAE04EC0-301F-11D3-BF4B-00C04F79EFBC}") = "Exercicio5", "Exercicio5\Exercicio5.csproj", "{3D545EE0-626F-4530-8A5A-A722E53F2EDC}"
EndProject
Project("{FAE04EC0-301F-11D3-BF4B-00C04F79EFBC}") = "Exercicio6", "Exercicio6\Exercicio6.csproj", "{4FF5C838-B74F-4916-A5FE-CF29EAF50B9B}"
EndProject
Project("{FAE04EC0-301F-11D3-BF4B-00C04F79EFBC}") = "Exercicio7", "Exercicio7\Exercicio7.csproj", "{CD8F7D12-BB13-4E59-9D6A-8806F468066D}"
EndProject
Project("{FAE04EC0-301F-11D3-BF4B-00C04F79EFBC}") = "Exercicio8", "Exercicio8\Exercicio8.csproj", "{E2CA3FA8-54E6-484D-8042-24C03B14D99F}"
EndProject
Project("{FAE04EC0-301F-11D3-BF4B-00C04F79EFBC}") = "ExercicioTarefa", "ExercicioTarefa\ExercicioTarefa.csproj", "{9A55C8FA-AB2A-42CB-AFC8-9CF755102982}"
EndProject
Global
	GlobalSection(SolutionConfigurationPlatforms) = preSolution
		Debug|Any CPU = Debug|Any CPU
		Release|Any CPU = Release|Any CPU
	EndGlobalSection
	GlobalSection(ProjectConfigurationPlatforms) = postSolution
		{39355067-3699-49FA-BEF9-77E4F307F86D}.Debug|Any CPU.ActiveCfg = Debug|Any CPU
		{39355067-3699-49FA-BEF9-77E4F307F86D}.Debug|Any CPU.Build.0 = Debug|Any CPU
		{39355067-3699-49FA-BEF9-77E4F307F86D}.Release|Any CPU.ActiveCfg = Release|Any CPU
		{39355067-3699-49FA-BEF9-77E4F307F86D}.Release|Any CPU.Build.0 = Release|Any CPU
		{DE2257AC-392A-4B7D-A1BE-6D3978AAC1DA}.Debug|Any CPU.ActiveCfg = Debug|Any CPU
		{DE2257AC-392A-4B7D-A1BE-6D3978AAC1DA}.Debug|Any CPU.Build.0 = Debug|Any CPU
		{DE2257AC-392A-4B7D-A1BE-6D3978AAC1DA}.Release|Any CPU.ActiveCfg = Release|Any CPU
		{DE2257AC-392A-4B7D-A1BE-6D3978AAC1DA}.Release|Any CPU.Build.0 = Release|Any CPU
		{C751F0A6-0B6A-43CA-A5CB-CE058C10C482}.Debug|Any CPU.ActiveCfg = Debug|Any CPU
		{C751F0A6-0B6A-43CA-A5CB-CE058C10C482}.Debug|Any CPU.Build.0 = Debug|Any CPU
		{C751F0A6-0B6A-43CA-A5CB-CE058C10C482}.Release|Any CPU.ActiveCfg = Release|Any CPU
		{C751F0A6-0B6A-43CA-A5CB-CE058C10C482}.Release|Any CPU.Build.0 = Release|Any CPU
		{5822E0E9-5362-4BC6-9070-1578BE25D11C}.Debug|Any CPU.ActiveCfg = Debug|Any CPU
		{5822E0E9-5362-4BC6-9070-1578BE25D11C}.Debug|Any CPU.Build.0 = Debug|Any CPU
		{5822E0E9-5362-4BC6-9070-1578BE25D11C}.Release|Any CPU.ActiveCfg = Release|Any CPU
		{5822E0E9-5362-4BC6-9070-1578BE25D11C}.Release|Any CPU.Build.0 = Release|Any CPU
		{3D545EE0-626F-4530-8A5A-A722E53F2EDC}.Debug|Any CPU.ActiveCfg = Debug|Any CPU
		{3D545EE0-626F-4530-8A5A-A722E53F2EDC}.Debug|Any CPU.Build.0 = Debug|Any CPU
		{3D545EE0-626F-4530-8A5A-A722E53F2EDC}.Release|Any CPU.ActiveCfg = Release|Any CPU
		{3D545EE0-626F-4530-8A5A-A722E53F2EDC}.Release|Any CPU.Build.0 = Release|Any CPU
		{4FF5C838-B74F-4916-A5FE-CF29EAF50B9B}.Debug|Any CPU.ActiveCfg = Debug|Any CPU
		{4FF5C838-B74F-4916-A5FE-CF29EAF50B9B}.Debug|Any CPU.Build.0 = Debug|Any CPU
		{4FF5C838-B74F-4916-A5FE-CF29EAF50B9B}.Release|Any CPU.ActiveCfg = Release|Any CPU
		{4FF5C838-B74F-4916-A5FE-CF29EAF50B9B}.Release|Any CPU.Build.0 = Release|Any CPU
		{CD8F7D12-BB13-4E59-9D6A-8806F468066D}.Debug|Any CPU.ActiveCfg = Debug|Any CPU
		{CD8F7D12-BB13-4E59-9D6A-8806F468066D}.Debug|Any CPU.Build.0 = Debug|Any CPU
		{CD8F7D12-BB13-4E59-9D6A-8806F468066D}.Release|Any CPU.ActiveCfg = Release|Any CPU
		{CD8F7D12-BB13-4E59-9D6A-8806F468066D}.Release|Any CPU.Build.0 = Release|Any CPU
		{E2CA3FA8-54E6-484D-8042-24C03B14D99F}.Debug|Any CPU.ActiveCfg = Debug|Any CPU
		{E2CA3FA8-54E6-484D-8042-24C03B14D99F}.Debug|Any CPU.Build.0 = Debug|Any CPU
		{E2CA3FA8-54E6-484D-8042-24C03B14D99F}.Release|Any CPU.ActiveCfg = Release|Any CPU
		{E2CA3FA8-54E6-484D-8042-24C03B14D99F}.Release|Any CPU.Build.0 = Release|Any CPU
		{9A55C8FA-AB2A-42CB-AFC8-9CF755102982}.Debug|Any CPU.ActiveCfg = Debug|Any CPU
		{9A55C8FA-AB2A-42CB-AFC8-9CF755102982}.Debug|Any CPU.Build.0 = Debug|Any CPU
		{9A55C8FA-AB2A-42CB-AFC8-9CF755102982}.Release|Any CPU.ActiveCfg = Release|Any CPU
		{9A55C8FA-AB2A-42CB-AFC8-9CF755102982}.Release|Any CPU.Build.0 = Release|Any CPU
	EndGlobalSection
	GlobalSection(SolutionProperties) = preSolution
		HideSolutionNode = FALSE
	EndGlobalSection
	GlobalSection(ExtensibilityGlobals) = postSolution
		SolutionGuid = {8841519E-E3E6-4A25-A2F2-D6C91D095935}
	EndGlobalSection
EndGlobal
