
Microsoft Visual Studio Solution File, Format Version 12.00
# Visual Studio Version 17
VisualStudioVersion = 17.14.36518.9 d17.14
MinimumVisualStudioVersion = 10.0.40219.1
Project("{FAE04EC0-301F-11D3-BF4B-00C04F79EFBC}") = "UndoPilha", "UndoPilha\UndoPilha.csproj", "{945C450A-BE20-4EAA-AD29-D82EB7B11E27}"
EndProject
Global
	GlobalSection(SolutionConfigurationPlatforms) = preSolution
		Debug|Any CPU = Debug|Any CPU
		Release|Any CPU = Release|Any CPU
	EndGlobalSection
	GlobalSection(ProjectConfigurationPlatforms) = postSolution
		{945C450A-BE20-4EAA-AD29-D82EB7B11E27}.Debug|Any CPU.ActiveCfg = Debug|Any CPU
		{945C450A-BE20-4EAA-AD29-D82EB7B11E27}.Debug|Any CPU.Build.0 = Debug|Any CPU
		{945C450A-BE20-4EAA-AD29-D82EB7B11E27}.Release|Any CPU.ActiveCfg = Release|Any CPU
		{945C450A-BE20-4EAA-AD29-D82EB7B11E27}.Release|Any CPU.Build.0 = Release|Any CPU
	EndGlobalSection
	GlobalSection(SolutionProperties) = preSolution
		HideSolutionNode = FALSE
	EndGlobalSection
	GlobalSection(ExtensibilityGlobals) = postSolution
		SolutionGuid = {558E370E-5E04-49E1-8FDC-1871501673E2}
	EndGlobalSection
EndGlobal
