
Microsoft Visual Studio Solution File, Format Version 12.00
# Visual Studio Version 17
VisualStudioVersion = 17.14.36518.9 d17.14
MinimumVisualStudioVersion = 10.0.40219.1
Project("{FAE04EC0-301F-11D3-BF4B-00C04F79EFBC}") = "BubbleSort", "BubbleSort\BubbleSort.csproj", "{64470C85-9DB8-4299-AA23-C86A6B30B01A}"
EndProject
Global
	GlobalSection(SolutionConfigurationPlatforms) = preSolution
		Debug|Any CPU = Debug|Any CPU
		Release|Any CPU = Release|Any CPU
	EndGlobalSection
	GlobalSection(ProjectConfigurationPlatforms) = postSolution
		{64470C85-9DB8-4299-AA23-C86A6B30B01A}.Debug|Any CPU.ActiveCfg = Debug|Any CPU
		{64470C85-9DB8-4299-AA23-C86A6B30B01A}.Debug|Any CPU.Build.0 = Debug|Any CPU
		{64470C85-9DB8-4299-AA23-C86A6B30B01A}.Release|Any CPU.ActiveCfg = Release|Any CPU
		{64470C85-9DB8-4299-AA23-C86A6B30B01A}.Release|Any CPU.Build.0 = Release|Any CPU
	EndGlobalSection
	GlobalSection(SolutionProperties) = preSolution
		HideSolutionNode = FALSE
	EndGlobalSection
	GlobalSection(ExtensibilityGlobals) = postSolution
		SolutionGuid = {E45D0E8B-E288-457E-A197-985687A4F431}
	EndGlobalSection
EndGlobal
