
Microsoft Visual Studio Solution File, Format Version 12.00
# Visual Studio Version 17
VisualStudioVersion = 17.14.36518.9
MinimumVisualStudioVersion = 10.0.40219.1
Project("{FAE04EC0-301F-11D3-BF4B-00C04F79EFBC}") = "AtendimentoBancoEmSala", "AtendimentoBancoEmSala\AtendimentoBancoEmSala.csproj", "{90C8A96B-CE27-419C-B2FA-1046090D5462}"
EndProject
Project("{FAE04EC0-301F-11D3-BF4B-00C04F79EFBC}") = "PilhaRoupa", "PilhaRoupa\PilhaRoupa.csproj", "{872ADEEC-E0B9-4BC3-9419-31B0D58F7F77}"
EndProject
Project("{FAE04EC0-301F-11D3-BF4B-00C04F79EFBC}") = "UndoTarefa", "UndoTarefa\UndoTarefa.csproj", "{1FA41ABB-1331-43FD-B7F7-48778409DF62}"
EndProject
Global
	GlobalSection(SolutionConfigurationPlatforms) = preSolution
		Debug|Any CPU = Debug|Any CPU
		Release|Any CPU = Release|Any CPU
	EndGlobalSection
	GlobalSection(ProjectConfigurationPlatforms) = postSolution
		{90C8A96B-CE27-419C-B2FA-1046090D5462}.Debug|Any CPU.ActiveCfg = Debug|Any CPU
		{90C8A96B-CE27-419C-B2FA-1046090D5462}.Debug|Any CPU.Build.0 = Debug|Any CPU
		{90C8A96B-CE27-419C-B2FA-1046090D5462}.Release|Any CPU.ActiveCfg = Release|Any CPU
		{90C8A96B-CE27-419C-B2FA-1046090D5462}.Release|Any CPU.Build.0 = Release|Any CPU
		{872ADEEC-E0B9-4BC3-9419-31B0D58F7F77}.Debug|Any CPU.ActiveCfg = Debug|Any CPU
		{872ADEEC-E0B9-4BC3-9419-31B0D58F7F77}.Debug|Any CPU.Build.0 = Debug|Any CPU
		{872ADEEC-E0B9-4BC3-9419-31B0D58F7F77}.Release|Any CPU.ActiveCfg = Release|Any CPU
		{872ADEEC-E0B9-4BC3-9419-31B0D58F7F77}.Release|Any CPU.Build.0 = Release|Any CPU
		{1FA41ABB-1331-43FD-B7F7-48778409DF62}.Debug|Any CPU.ActiveCfg = Debug|Any CPU
		{1FA41ABB-1331-43FD-B7F7-48778409DF62}.Debug|Any CPU.Build.0 = Debug|Any CPU
		{1FA41ABB-1331-43FD-B7F7-48778409DF62}.Release|Any CPU.ActiveCfg = Release|Any CPU
		{1FA41ABB-1331-43FD-B7F7-48778409DF62}.Release|Any CPU.Build.0 = Release|Any CPU
	EndGlobalSection
	GlobalSection(SolutionProperties) = preSolution
		HideSolutionNode = FALSE
	EndGlobalSection
	GlobalSection(ExtensibilityGlobals) = postSolution
		SolutionGuid = {F1907A7D-8312-4DF0-922E-FA6C6A6F74D1}
	EndGlobalSection
EndGlobal
